
Microsoft Visual Studio Solution File, Format Version 12.00
# Visual Studio Version 17
VisualStudioVersion = 17.0.32112.339
MinimumVisualStudioVersion = 10.0.40219.1
Project("{2150E333-8FDC-42A3-9474-1A3956D46DE8}") = "src", "src", "{B54BAB7A-0DB7-4773-AEE6-8B5C792C5F03}"
EndProject
Project("{FAE04EC0-301F-11D3-BF4B-00C04F79EFBC}") = "ApplicationCore", "ApplicationCore\ApplicationCore.csproj", "{B8B37DFD-D097-4627-9B83-53576AD3ABE7}"
EndProject
Project("{FAE04EC0-301F-11D3-BF4B-00C04F79EFBC}") = "Infrastructure", "Infrastructure\Infrastructure.csproj", "{4051861D-DC0A-470B-B43C-88F8F291CDC1}"
EndProject
Project("{FAE04EC0-301F-11D3-BF4B-00C04F79EFBC}") = "WebApi", "WebApi\WebApi.csproj", "{D3BB3EB5-413C-47FB-B408-B2F0003C781A}"
EndProject
Global
	GlobalSection(SolutionConfigurationPlatforms) = preSolution
		Debug|Any CPU = Debug|Any CPU
		Release|Any CPU = Release|Any CPU
	EndGlobalSection
	GlobalSection(ProjectConfigurationPlatforms) = postSolution
		{B8B37DFD-D097-4627-9B83-53576AD3ABE7}.Debug|Any CPU.ActiveCfg = Debug|Any CPU
		{B8B37DFD-D097-4627-9B83-53576AD3ABE7}.Debug|Any CPU.Build.0 = Debug|Any CPU
		{B8B37DFD-D097-4627-9B83-53576AD3ABE7}.Release|Any CPU.ActiveCfg = Release|Any CPU
		{B8B37DFD-D097-4627-9B83-53576AD3ABE7}.Release|Any CPU.Build.0 = Release|Any CPU
		{4051861D-DC0A-470B-B43C-88F8F291CDC1}.Debug|Any CPU.ActiveCfg = Debug|Any CPU
		{4051861D-DC0A-470B-B43C-88F8F291CDC1}.Debug|Any CPU.Build.0 = Debug|Any CPU
		{4051861D-DC0A-470B-B43C-88F8F291CDC1}.Release|Any CPU.ActiveCfg = Release|Any CPU
		{4051861D-DC0A-470B-B43C-88F8F291CDC1}.Release|Any CPU.Build.0 = Release|Any CPU
		{D3BB3EB5-413C-47FB-B408-B2F0003C781A}.Debug|Any CPU.ActiveCfg = Debug|Any CPU
		{D3BB3EB5-413C-47FB-B408-B2F0003C781A}.Debug|Any CPU.Build.0 = Debug|Any CPU
		{D3BB3EB5-413C-47FB-B408-B2F0003C781A}.Release|Any CPU.ActiveCfg = Release|Any CPU
		{D3BB3EB5-413C-47FB-B408-B2F0003C781A}.Release|Any CPU.Build.0 = Release|Any CPU
	EndGlobalSection
	GlobalSection(SolutionProperties) = preSolution
		HideSolutionNode = FALSE
	EndGlobalSection
	GlobalSection(NestedProjects) = preSolution
		{B8B37DFD-D097-4627-9B83-53576AD3ABE7} = {B54BAB7A-0DB7-4773-AEE6-8B5C792C5F03}
		{4051861D-DC0A-470B-B43C-88F8F291CDC1} = {B54BAB7A-0DB7-4773-AEE6-8B5C792C5F03}
		{D3BB3EB5-413C-47FB-B408-B2F0003C781A} = {B54BAB7A-0DB7-4773-AEE6-8B5C792C5F03}
	EndGlobalSection
	GlobalSection(ExtensibilityGlobals) = postSolution
		SolutionGuid = {26C7883E-1EA0-4728-B3B1-A49EE014FBC0}
	EndGlobalSection
EndGlobal
